
Microsoft Visual Studio Solution File, Format Version 12.00
# Visual Studio Version 16
VisualStudioVersion = 16.0.31911.196
MinimumVisualStudioVersion = 10.0.40219.1
Project("{8BC9CEB8-8B4A-11D0-8D11-00A0C91BC942}") = "Files", "Files\Files.vcxproj", "{BBC35814-1EBA-47CC-B92F-5330A62B2E72}"
EndProject
Global
	GlobalSection(SolutionConfigurationPlatforms) = preSolution
		Debug|x64 = Debug|x64
		Debug|x86 = Debug|x86
		Release|x64 = Release|x64
		Release|x86 = Release|x86
	EndGlobalSection
	GlobalSection(ProjectConfigurationPlatforms) = postSolution
		{BBC35814-1EBA-47CC-B92F-5330A62B2E72}.Debug|x64.ActiveCfg = Debug|x64
		{BBC35814-1EBA-47CC-B92F-5330A62B2E72}.Debug|x64.Build.0 = Debug|x64
		{BBC35814-1EBA-47CC-B92F-5330A62B2E72}.Debug|x86.ActiveCfg = Debug|Win32
		{BBC35814-1EBA-47CC-B92F-5330A62B2E72}.Debug|x86.Build.0 = Debug|Win32
		{BBC35814-1EBA-47CC-B92F-5330A62B2E72}.Release|x64.ActiveCfg = Release|x64
		{BBC35814-1EBA-47CC-B92F-5330A62B2E72}.Release|x64.Build.0 = Release|x64
		{BBC35814-1EBA-47CC-B92F-5330A62B2E72}.Release|x86.ActiveCfg = Release|Win32
		{BBC35814-1EBA-47CC-B92F-5330A62B2E72}.Release|x86.Build.0 = Release|Win32
	EndGlobalSection
	GlobalSection(SolutionProperties) = preSolution
		HideSolutionNode = FALSE
	EndGlobalSection
	GlobalSection(ExtensibilityGlobals) = postSolution
		SolutionGuid = {0D50143C-1EE1-4748-93EC-F8B7F040F843}
	EndGlobalSection
EndGlobal
