
Microsoft Visual Studio Solution File, Format Version 12.00
# Visual Studio Version 16
VisualStudioVersion = 16.0.31911.196
MinimumVisualStudioVersion = 10.0.40219.1
Project("{8BC9CEB8-8B4A-11D0-8D11-00A0C91BC942}") = "Files(Dynamic array)+print_scan", "Files(Dynamic array)+print_scan\Files(Dynamic array)+print_scan.vcxproj", "{F0765E1F-F824-4CC3-80BF-730A8F20FB29}"
EndProject
Global
	GlobalSection(SolutionConfigurationPlatforms) = preSolution
		Debug|x64 = Debug|x64
		Debug|x86 = Debug|x86
		Release|x64 = Release|x64
		Release|x86 = Release|x86
	EndGlobalSection
	GlobalSection(ProjectConfigurationPlatforms) = postSolution
		{F0765E1F-F824-4CC3-80BF-730A8F20FB29}.Debug|x64.ActiveCfg = Debug|x64
		{F0765E1F-F824-4CC3-80BF-730A8F20FB29}.Debug|x64.Build.0 = Debug|x64
		{F0765E1F-F824-4CC3-80BF-730A8F20FB29}.Debug|x86.ActiveCfg = Debug|Win32
		{F0765E1F-F824-4CC3-80BF-730A8F20FB29}.Debug|x86.Build.0 = Debug|Win32
		{F0765E1F-F824-4CC3-80BF-730A8F20FB29}.Release|x64.ActiveCfg = Release|x64
		{F0765E1F-F824-4CC3-80BF-730A8F20FB29}.Release|x64.Build.0 = Release|x64
		{F0765E1F-F824-4CC3-80BF-730A8F20FB29}.Release|x86.ActiveCfg = Release|Win32
		{F0765E1F-F824-4CC3-80BF-730A8F20FB29}.Release|x86.Build.0 = Release|Win32
	EndGlobalSection
	GlobalSection(SolutionProperties) = preSolution
		HideSolutionNode = FALSE
	EndGlobalSection
	GlobalSection(ExtensibilityGlobals) = postSolution
		SolutionGuid = {9915FD01-9D77-4DE3-82B3-4F70B07218B9}
	EndGlobalSection
EndGlobal
